// !$*UTF8*$!
{
	archiveVersion = 1;
	classes = {
	};
	objectVersion = 51;
	objects = {

/* Begin PBXBuildFile section */
		501CDCFD2739DE4500CA10C7 /* AppDelegate.swift in Sources */ = {isa = PBXBuildFile; fileRef = 501CDCFC2739DE4500CA10C7 /* AppDelegate.swift */; };
		501CDCFF2739DE4500CA10C7 /* SceneDelegate.swift in Sources */ = {isa = PBXBuildFile; fileRef = 501CDCFE2739DE4500CA10C7 /* SceneDelegate.swift */; };
		501CDD012739DE4500CA10C7 /* MainTeamsVC.swift in Sources */ = {isa = PBXBuildFile; fileRef = 501CDD002739DE4500CA10C7 /* MainTeamsVC.swift */; };
		501CDD072739DE4600CA10C7 /* Teams_and_Heroes.xcdatamodeld in Sources */ = {isa = PBXBuildFile; fileRef = 501CDD052739DE4500CA10C7 /* Teams_and_Heroes.xcdatamodeld */; };
		501CDD092739DE4C00CA10C7 /* Assets.xcassets in Resources */ = {isa = PBXBuildFile; fileRef = 501CDD082739DE4C00CA10C7 /* Assets.xcassets */; };
		501CDD0C2739DE4D00CA10C7 /* LaunchScreen.storyboard in Resources */ = {isa = PBXBuildFile; fileRef = 501CDD0A2739DE4D00CA10C7 /* LaunchScreen.storyboard */; };
		501CDD1A2739DFA600CA10C7 /* AppCoordinator.swift in Sources */ = {isa = PBXBuildFile; fileRef = 501CDD192739DFA600CA10C7 /* AppCoordinator.swift */; };
		501CDD1C2739DFBE00CA10C7 /* MainRouter.swift in Sources */ = {isa = PBXBuildFile; fileRef = 501CDD1B2739DFBE00CA10C7 /* MainRouter.swift */; };
		501CDD292739E03200CA10C7 /* UIColor.swift in Sources */ = {isa = PBXBuildFile; fileRef = 501CDD1E2739E03200CA10C7 /* UIColor.swift */; };
		501CDD2A2739E03200CA10C7 /* UIViewController + Extension.swift in Sources */ = {isa = PBXBuildFile; fileRef = 501CDD1F2739E03200CA10C7 /* UIViewController + Extension.swift */; };
		501CDD2B2739E03200CA10C7 /* UISearchBar.swift in Sources */ = {isa = PBXBuildFile; fileRef = 501CDD202739E03200CA10C7 /* UISearchBar.swift */; };
		501CDD2C2739E03200CA10C7 /* UIButton + Extension.swift in Sources */ = {isa = PBXBuildFile; fileRef = 501CDD212739E03200CA10C7 /* UIButton + Extension.swift */; };
		501CDD2D2739E03200CA10C7 /* UITextField.swift in Sources */ = {isa = PBXBuildFile; fileRef = 501CDD222739E03200CA10C7 /* UITextField.swift */; };
		501CDD2E2739E03200CA10C7 /* UIImageView.swift in Sources */ = {isa = PBXBuildFile; fileRef = 501CDD232739E03200CA10C7 /* UIImageView.swift */; };
		501CDD2F2739E03200CA10C7 /* UIFont.swift in Sources */ = {isa = PBXBuildFile; fileRef = 501CDD242739E03200CA10C7 /* UIFont.swift */; };
		501CDD302739E03200CA10C7 /* CheckBox.swift in Sources */ = {isa = PBXBuildFile; fileRef = 501CDD252739E03200CA10C7 /* CheckBox.swift */; };
		501CDD312739E03200CA10C7 /* UILabel.swift in Sources */ = {isa = PBXBuildFile; fileRef = 501CDD262739E03200CA10C7 /* UILabel.swift */; };
		501CDD322739E03200CA10C7 /* KGRadioButton.swift in Sources */ = {isa = PBXBuildFile; fileRef = 501CDD272739E03200CA10C7 /* KGRadioButton.swift */; };
		501CDD332739E03200CA10C7 /* String + Extension.swift in Sources */ = {isa = PBXBuildFile; fileRef = 501CDD282739E03200CA10C7 /* String + Extension.swift */; };
		50ACA1EB2756D864005D4782 /* ChooseHeroVC.swift in Sources */ = {isa = PBXBuildFile; fileRef = 50ACA1EA2756D864005D4782 /* ChooseHeroVC.swift */; };
		50ACA1ED2756D86E005D4782 /* ChooseHeroTableViewCell.swift in Sources */ = {isa = PBXBuildFile; fileRef = 50ACA1EC2756D86E005D4782 /* ChooseHeroTableViewCell.swift */; };
		50F28A7C2756C48E00422B98 /* AddNewHeroVC.swift in Sources */ = {isa = PBXBuildFile; fileRef = 50F28A7B2756C48E00422B98 /* AddNewHeroVC.swift */; };
		50F28A7E2756C5A000422B98 /* AddNewHeroTableViewCell.swift in Sources */ = {isa = PBXBuildFile; fileRef = 50F28A7D2756C5A000422B98 /* AddNewHeroTableViewCell.swift */; };
		50FF88E0274161390042B346 /* JSONDecoderExtensions.swift in Sources */ = {isa = PBXBuildFile; fileRef = 50FF88C7274161390042B346 /* JSONDecoderExtensions.swift */; };
		50FF88E1274161390042B346 /* RequestDecoder.swift in Sources */ = {isa = PBXBuildFile; fileRef = 50FF88C8274161390042B346 /* RequestDecoder.swift */; };
		50FF88E2274161390042B346 /* RequestInterceptor.swift in Sources */ = {isa = PBXBuildFile; fileRef = 50FF88C9274161390042B346 /* RequestInterceptor.swift */; };
		50FF88E3274161390042B346 /* RefAPI.swift in Sources */ = {isa = PBXBuildFile; fileRef = 50FF88CB274161390042B346 /* RefAPI.swift */; };
		50FF88E4274161390042B346 /* AuthAPI.swift in Sources */ = {isa = PBXBuildFile; fileRef = 50FF88CC274161390042B346 /* AuthAPI.swift */; };
		50FF88E5274161390042B346 /* BaseAPI.swift in Sources */ = {isa = PBXBuildFile; fileRef = 50FF88CD274161390042B346 /* BaseAPI.swift */; };
		50FF88E6274161390042B346 /* PayAPI.swift in Sources */ = {isa = PBXBuildFile; fileRef = 50FF88CE274161390042B346 /* PayAPI.swift */; };
		50FF88E7274161390042B346 /* FavouritesRefsResponse.swift in Sources */ = {isa = PBXBuildFile; fileRef = 50FF88D0274161390042B346 /* FavouritesRefsResponse.swift */; };
		50FF88E8274161390042B346 /* StatusMessage.swift in Sources */ = {isa = PBXBuildFile; fileRef = 50FF88D1274161390042B346 /* StatusMessage.swift */; };
		50FF88E9274161390042B346 /* RefreshTokenResponse.swift in Sources */ = {isa = PBXBuildFile; fileRef = 50FF88D2274161390042B346 /* RefreshTokenResponse.swift */; };
		50FF88EA274161390042B346 /* TransactionResponse.swift in Sources */ = {isa = PBXBuildFile; fileRef = 50FF88D3274161390042B346 /* TransactionResponse.swift */; };
		50FF88EB274161390042B346 /* PDFPagesResponse.swift in Sources */ = {isa = PBXBuildFile; fileRef = 50FF88D4274161390042B346 /* PDFPagesResponse.swift */; };
		50FF88EC274161390042B346 /* SearchFiltersModel.swift in Sources */ = {isa = PBXBuildFile; fileRef = 50FF88D5274161390042B346 /* SearchFiltersModel.swift */; };
		50FF88ED274161390042B346 /* ReferatsResponse.swift in Sources */ = {isa = PBXBuildFile; fileRef = 50FF88D6274161390042B346 /* ReferatsResponse.swift */; };
		50FF88EE274161390042B346 /* GetBalanceResponse.swift in Sources */ = {isa = PBXBuildFile; fileRef = 50FF88D7274161390042B346 /* GetBalanceResponse.swift */; };
		50FF88EF274161390042B346 /* SearchFiltersResponse.swift in Sources */ = {isa = PBXBuildFile; fileRef = 50FF88D8274161390042B346 /* SearchFiltersResponse.swift */; };
		50FF88F0274161390042B346 /* AuthResponse.swift in Sources */ = {isa = PBXBuildFile; fileRef = 50FF88D9274161390042B346 /* AuthResponse.swift */; };
		50FF88F1274161390042B346 /* ShowRefResponse.swift in Sources */ = {isa = PBXBuildFile; fileRef = 50FF88DA274161390042B346 /* ShowRefResponse.swift */; };
		50FF88F2274161390042B346 /* AuthRequest.swift in Sources */ = {isa = PBXBuildFile; fileRef = 50FF88DC274161390042B346 /* AuthRequest.swift */; };
		50FF88F3274161390042B346 /* TokenRefreshRequest.swift in Sources */ = {isa = PBXBuildFile; fileRef = 50FF88DD274161390042B346 /* TokenRefreshRequest.swift */; };
		50FF88F4274161390042B346 /* ClientsRequest.swift in Sources */ = {isa = PBXBuildFile; fileRef = 50FF88DE274161390042B346 /* ClientsRequest.swift */; };
		50FF88F5274161390042B346 /* NetworkError.swift in Sources */ = {isa = PBXBuildFile; fileRef = 50FF88DF274161390042B346 /* NetworkError.swift */; };
		50FF88F7274164A90042B346 /* MainTeamsTableViewCell.swift in Sources */ = {isa = PBXBuildFile; fileRef = 50FF88F6274164A90042B346 /* MainTeamsTableViewCell.swift */; };
		50FF88FB2741668F0042B346 /* AddNewTeamVC.swift in Sources */ = {isa = PBXBuildFile; fileRef = 50FF88FA2741668F0042B346 /* AddNewTeamVC.swift */; };
		50FF88FD274167CC0042B346 /* AddNewTeamTableViewCell.swift in Sources */ = {isa = PBXBuildFile; fileRef = 50FF88FC274167CC0042B346 /* AddNewTeamTableViewCell.swift */; };
		50FF89052741691F0042B346 /* AlertFriendOrTeacher.swift in Sources */ = {isa = PBXBuildFile; fileRef = 50FF88FF2741691F0042B346 /* AlertFriendOrTeacher.swift */; };
		50FF89062741691F0042B346 /* AlertPhotoCamera.swift in Sources */ = {isa = PBXBuildFile; fileRef = 50FF89002741691F0042B346 /* AlertPhotoCamera.swift */; };
		50FF89072741691F0042B346 /* AlertForCellName.swift in Sources */ = {isa = PBXBuildFile; fileRef = 50FF89012741691F0042B346 /* AlertForCellName.swift */; };
		50FF89082741691F0042B346 /* AlertDate.swift in Sources */ = {isa = PBXBuildFile; fileRef = 50FF89022741691F0042B346 /* AlertDate.swift */; };
		50FF89092741691F0042B346 /* AlertOk.swift in Sources */ = {isa = PBXBuildFile; fileRef = 50FF89032741691F0042B346 /* AlertOk.swift */; };
		50FF890A2741691F0042B346 /* AlertTime.swift in Sources */ = {isa = PBXBuildFile; fileRef = 50FF89042741691F0042B346 /* AlertTime.swift */; };
		50FF8917274169450042B346 /* OptionsTableViewCell.swift in Sources */ = {isa = PBXBuildFile; fileRef = 50FF8910274169450042B346 /* OptionsTableViewCell.swift */; };
		50FF8919274169450042B346 /* ColorsTableViewCell.swift in Sources */ = {isa = PBXBuildFile; fileRef = 50FF8913274169450042B346 /* ColorsTableViewCell.swift */; };
		50FF891A274169450042B346 /* HeaderOptionsTableViewCell.swift in Sources */ = {isa = PBXBuildFile; fileRef = 50FF8914274169450042B346 /* HeaderOptionsTableViewCell.swift */; };
		50FF891F274170100042B346 /* Roboto-Medium.ttf in Resources */ = {isa = PBXBuildFile; fileRef = 50FF891C274170100042B346 /* Roboto-Medium.ttf */; };
		50FF8920274170100042B346 /* Roboto-Light.ttf in Resources */ = {isa = PBXBuildFile; fileRef = 50FF891D274170100042B346 /* Roboto-Light.ttf */; };
		50FF8921274170100042B346 /* Roboto-Regular.ttf in Resources */ = {isa = PBXBuildFile; fileRef = 50FF891E274170100042B346 /* Roboto-Regular.ttf */; };
		ED838DCA15AB5259EE6222A4 /* Pods_Teams_and_Heroes.framework in Frameworks */ = {isa = PBXBuildFile; fileRef = A7D6F44E64683D17C042312D /* Pods_Teams_and_Heroes.framework */; };
/* End PBXBuildFile section */

/* Begin PBXFileReference section */
		501CDCF92739DE4500CA10C7 /* Teams-and-Heroes.app */ = {isa = PBXFileReference; explicitFileType = wrapper.application; includeInIndex = 0; path = "Teams-and-Heroes.app"; sourceTree = BUILT_PRODUCTS_DIR; };
		501CDCFC2739DE4500CA10C7 /* AppDelegate.swift */ = {isa = PBXFileReference; lastKnownFileType = sourcecode.swift; path = AppDelegate.swift; sourceTree = "<group>"; };
		501CDCFE2739DE4500CA10C7 /* SceneDelegate.swift */ = {isa = PBXFileReference; lastKnownFileType = sourcecode.swift; path = SceneDelegate.swift; sourceTree = "<group>"; };
		501CDD002739DE4500CA10C7 /* MainTeamsVC.swift */ = {isa = PBXFileReference; lastKnownFileType = sourcecode.swift; path = MainTeamsVC.swift; sourceTree = "<group>"; };
		501CDD062739DE4500CA10C7 /* Teams_and_Heroes.xcdatamodel */ = {isa = PBXFileReference; lastKnownFileType = wrapper.xcdatamodel; path = Teams_and_Heroes.xcdatamodel; sourceTree = "<group>"; };
		501CDD082739DE4C00CA10C7 /* Assets.xcassets */ = {isa = PBXFileReference; lastKnownFileType = folder.assetcatalog; path = Assets.xcassets; sourceTree = "<group>"; };
		501CDD0B2739DE4D00CA10C7 /* Base */ = {isa = PBXFileReference; lastKnownFileType = file.storyboard; name = Base; path = Base.lproj/LaunchScreen.storyboard; sourceTree = "<group>"; };
		501CDD0D2739DE4D00CA10C7 /* Info.plist */ = {isa = PBXFileReference; lastKnownFileType = text.plist.xml; path = Info.plist; sourceTree = "<group>"; };
		501CDD192739DFA600CA10C7 /* AppCoordinator.swift */ = {isa = PBXFileReference; lastKnownFileType = sourcecode.swift; path = AppCoordinator.swift; sourceTree = "<group>"; };
		501CDD1B2739DFBE00CA10C7 /* MainRouter.swift */ = {isa = PBXFileReference; lastKnownFileType = sourcecode.swift; path = MainRouter.swift; sourceTree = "<group>"; };
		501CDD1E2739E03200CA10C7 /* UIColor.swift */ = {isa = PBXFileReference; fileEncoding = 4; lastKnownFileType = sourcecode.swift; path = UIColor.swift; sourceTree = "<group>"; };
		501CDD1F2739E03200CA10C7 /* UIViewController + Extension.swift */ = {isa = PBXFileReference; fileEncoding = 4; lastKnownFileType = sourcecode.swift; path = "UIViewController + Extension.swift"; sourceTree = "<group>"; };
		501CDD202739E03200CA10C7 /* UISearchBar.swift */ = {isa = PBXFileReference; fileEncoding = 4; lastKnownFileType = sourcecode.swift; path = UISearchBar.swift; sourceTree = "<group>"; };
		501CDD212739E03200CA10C7 /* UIButton + Extension.swift */ = {isa = PBXFileReference; fileEncoding = 4; lastKnownFileType = sourcecode.swift; path = "UIButton + Extension.swift"; sourceTree = "<group>"; };
		501CDD222739E03200CA10C7 /* UITextField.swift */ = {isa = PBXFileReference; fileEncoding = 4; lastKnownFileType = sourcecode.swift; path = UITextField.swift; sourceTree = "<group>"; };
		501CDD232739E03200CA10C7 /* UIImageView.swift */ = {isa = PBXFileReference; fileEncoding = 4; lastKnownFileType = sourcecode.swift; path = UIImageView.swift; sourceTree = "<group>"; };
		501CDD242739E03200CA10C7 /* UIFont.swift */ = {isa = PBXFileReference; fileEncoding = 4; lastKnownFileType = sourcecode.swift; path = UIFont.swift; sourceTree = "<group>"; };
		501CDD252739E03200CA10C7 /* CheckBox.swift */ = {isa = PBXFileReference; fileEncoding = 4; lastKnownFileType = sourcecode.swift; path = CheckBox.swift; sourceTree = "<group>"; };
		501CDD262739E03200CA10C7 /* UILabel.swift */ = {isa = PBXFileReference; fileEncoding = 4; lastKnownFileType = sourcecode.swift; path = UILabel.swift; sourceTree = "<group>"; };
		501CDD272739E03200CA10C7 /* KGRadioButton.swift */ = {isa = PBXFileReference; fileEncoding = 4; lastKnownFileType = sourcecode.swift; path = KGRadioButton.swift; sourceTree = "<group>"; };
		501CDD282739E03200CA10C7 /* String + Extension.swift */ = {isa = PBXFileReference; fileEncoding = 4; lastKnownFileType = sourcecode.swift; path = "String + Extension.swift"; sourceTree = "<group>"; };
		50ACA1EA2756D864005D4782 /* ChooseHeroVC.swift */ = {isa = PBXFileReference; lastKnownFileType = sourcecode.swift; path = ChooseHeroVC.swift; sourceTree = "<group>"; };
		50ACA1EC2756D86E005D4782 /* ChooseHeroTableViewCell.swift */ = {isa = PBXFileReference; lastKnownFileType = sourcecode.swift; path = ChooseHeroTableViewCell.swift; sourceTree = "<group>"; };
		50F28A7B2756C48E00422B98 /* AddNewHeroVC.swift */ = {isa = PBXFileReference; lastKnownFileType = sourcecode.swift; path = AddNewHeroVC.swift; sourceTree = "<group>"; };
		50F28A7D2756C5A000422B98 /* AddNewHeroTableViewCell.swift */ = {isa = PBXFileReference; lastKnownFileType = sourcecode.swift; path = AddNewHeroTableViewCell.swift; sourceTree = "<group>"; };
		50FF88C7274161390042B346 /* JSONDecoderExtensions.swift */ = {isa = PBXFileReference; fileEncoding = 4; lastKnownFileType = sourcecode.swift; path = JSONDecoderExtensions.swift; sourceTree = "<group>"; };
		50FF88C8274161390042B346 /* RequestDecoder.swift */ = {isa = PBXFileReference; fileEncoding = 4; lastKnownFileType = sourcecode.swift; path = RequestDecoder.swift; sourceTree = "<group>"; };
		50FF88C9274161390042B346 /* RequestInterceptor.swift */ = {isa = PBXFileReference; fileEncoding = 4; lastKnownFileType = sourcecode.swift; path = RequestInterceptor.swift; sourceTree = "<group>"; };
		50FF88CB274161390042B346 /* RefAPI.swift */ = {isa = PBXFileReference; fileEncoding = 4; lastKnownFileType = sourcecode.swift; path = RefAPI.swift; sourceTree = "<group>"; };
		50FF88CC274161390042B346 /* AuthAPI.swift */ = {isa = PBXFileReference; fileEncoding = 4; lastKnownFileType = sourcecode.swift; path = AuthAPI.swift; sourceTree = "<group>"; };
		50FF88CD274161390042B346 /* BaseAPI.swift */ = {isa = PBXFileReference; fileEncoding = 4; lastKnownFileType = sourcecode.swift; path = BaseAPI.swift; sourceTree = "<group>"; };
		50FF88CE274161390042B346 /* PayAPI.swift */ = {isa = PBXFileReference; fileEncoding = 4; lastKnownFileType = sourcecode.swift; path = PayAPI.swift; sourceTree = "<group>"; };
		50FF88D0274161390042B346 /* FavouritesRefsResponse.swift */ = {isa = PBXFileReference; fileEncoding = 4; lastKnownFileType = sourcecode.swift; path = FavouritesRefsResponse.swift; sourceTree = "<group>"; };
		50FF88D1274161390042B346 /* StatusMessage.swift */ = {isa = PBXFileReference; fileEncoding = 4; lastKnownFileType = sourcecode.swift; path = StatusMessage.swift; sourceTree = "<group>"; };
		50FF88D2274161390042B346 /* RefreshTokenResponse.swift */ = {isa = PBXFileReference; fileEncoding = 4; lastKnownFileType = sourcecode.swift; path = RefreshTokenResponse.swift; sourceTree = "<group>"; };
		50FF88D3274161390042B346 /* TransactionResponse.swift */ = {isa = PBXFileReference; fileEncoding = 4; lastKnownFileType = sourcecode.swift; path = TransactionResponse.swift; sourceTree = "<group>"; };
		50FF88D4274161390042B346 /* PDFPagesResponse.swift */ = {isa = PBXFileReference; fileEncoding = 4; lastKnownFileType = sourcecode.swift; path = PDFPagesResponse.swift; sourceTree = "<group>"; };
		50FF88D5274161390042B346 /* SearchFiltersModel.swift */ = {isa = PBXFileReference; fileEncoding = 4; lastKnownFileType = sourcecode.swift; path = SearchFiltersModel.swift; sourceTree = "<group>"; };
		50FF88D6274161390042B346 /* ReferatsResponse.swift */ = {isa = PBXFileReference; fileEncoding = 4; lastKnownFileType = sourcecode.swift; path = ReferatsResponse.swift; sourceTree = "<group>"; };
		50FF88D7274161390042B346 /* GetBalanceResponse.swift */ = {isa = PBXFileReference; fileEncoding = 4; lastKnownFileType = sourcecode.swift; path = GetBalanceResponse.swift; sourceTree = "<group>"; };
		50FF88D8274161390042B346 /* SearchFiltersResponse.swift */ = {isa = PBXFileReference; fileEncoding = 4; lastKnownFileType = sourcecode.swift; path = SearchFiltersResponse.swift; sourceTree = "<group>"; };
		50FF88D9274161390042B346 /* AuthResponse.swift */ = {isa = PBXFileReference; fileEncoding = 4; lastKnownFileType = sourcecode.swift; path = AuthResponse.swift; sourceTree = "<group>"; };
		50FF88DA274161390042B346 /* ShowRefResponse.swift */ = {isa = PBXFileReference; fileEncoding = 4; lastKnownFileType = sourcecode.swift; path = ShowRefResponse.swift; sourceTree = "<group>"; };
		50FF88DC274161390042B346 /* AuthRequest.swift */ = {isa = PBXFileReference; fileEncoding = 4; lastKnownFileType = sourcecode.swift; path = AuthRequest.swift; sourceTree = "<group>"; };
		50FF88DD274161390042B346 /* TokenRefreshRequest.swift */ = {isa = PBXFileReference; fileEncoding = 4; lastKnownFileType = sourcecode.swift; path = TokenRefreshRequest.swift; sourceTree = "<group>"; };
		50FF88DE274161390042B346 /* ClientsRequest.swift */ = {isa = PBXFileReference; fileEncoding = 4; lastKnownFileType = sourcecode.swift; path = ClientsRequest.swift; sourceTree = "<group>"; };
		50FF88DF274161390042B346 /* NetworkError.swift */ = {isa = PBXFileReference; fileEncoding = 4; lastKnownFileType = sourcecode.swift; path = NetworkError.swift; sourceTree = "<group>"; };
		50FF88F6274164A90042B346 /* MainTeamsTableViewCell.swift */ = {isa = PBXFileReference; lastKnownFileType = sourcecode.swift; path = MainTeamsTableViewCell.swift; sourceTree = "<group>"; };
		50FF88FA2741668F0042B346 /* AddNewTeamVC.swift */ = {isa = PBXFileReference; lastKnownFileType = sourcecode.swift; path = AddNewTeamVC.swift; sourceTree = "<group>"; };
		50FF88FC274167CC0042B346 /* AddNewTeamTableViewCell.swift */ = {isa = PBXFileReference; lastKnownFileType = sourcecode.swift; path = AddNewTeamTableViewCell.swift; sourceTree = "<group>"; };
		50FF88FF2741691F0042B346 /* AlertFriendOrTeacher.swift */ = {isa = PBXFileReference; fileEncoding = 4; lastKnownFileType = sourcecode.swift; path = AlertFriendOrTeacher.swift; sourceTree = "<group>"; };
		50FF89002741691F0042B346 /* AlertPhotoCamera.swift */ = {isa = PBXFileReference; fileEncoding = 4; lastKnownFileType = sourcecode.swift; path = AlertPhotoCamera.swift; sourceTree = "<group>"; };
		50FF89012741691F0042B346 /* AlertForCellName.swift */ = {isa = PBXFileReference; fileEncoding = 4; lastKnownFileType = sourcecode.swift; path = AlertForCellName.swift; sourceTree = "<group>"; };
		50FF89022741691F0042B346 /* AlertDate.swift */ = {isa = PBXFileReference; fileEncoding = 4; lastKnownFileType = sourcecode.swift; path = AlertDate.swift; sourceTree = "<group>"; };
		50FF89032741691F0042B346 /* AlertOk.swift */ = {isa = PBXFileReference; fileEncoding = 4; lastKnownFileType = sourcecode.swift; path = AlertOk.swift; sourceTree = "<group>"; };
		50FF89042741691F0042B346 /* AlertTime.swift */ = {isa = PBXFileReference; fileEncoding = 4; lastKnownFileType = sourcecode.swift; path = AlertTime.swift; sourceTree = "<group>"; };
		50FF8910274169450042B346 /* OptionsTableViewCell.swift */ = {isa = PBXFileReference; fileEncoding = 4; lastKnownFileType = sourcecode.swift; path = OptionsTableViewCell.swift; sourceTree = "<group>"; };
		50FF8913274169450042B346 /* ColorsTableViewCell.swift */ = {isa = PBXFileReference; fileEncoding = 4; lastKnownFileType = sourcecode.swift; path = ColorsTableViewCell.swift; sourceTree = "<group>"; };
		50FF8914274169450042B346 /* HeaderOptionsTableViewCell.swift */ = {isa = PBXFileReference; fileEncoding = 4; lastKnownFileType = sourcecode.swift; path = HeaderOptionsTableViewCell.swift; sourceTree = "<group>"; };
		50FF891C274170100042B346 /* Roboto-Medium.ttf */ = {isa = PBXFileReference; lastKnownFileType = file; path = "Roboto-Medium.ttf"; sourceTree = "<group>"; };
		50FF891D274170100042B346 /* Roboto-Light.ttf */ = {isa = PBXFileReference; lastKnownFileType = file; path = "Roboto-Light.ttf"; sourceTree = "<group>"; };
		50FF891E274170100042B346 /* Roboto-Regular.ttf */ = {isa = PBXFileReference; lastKnownFileType = file; path = "Roboto-Regular.ttf"; sourceTree = "<group>"; };
		6325B12C2AF4DD68F5A095A7 /* Pods-Teams-and-Heroes.debug.xcconfig */ = {isa = PBXFileReference; includeInIndex = 1; lastKnownFileType = text.xcconfig; name = "Pods-Teams-and-Heroes.debug.xcconfig"; path = "Target Support Files/Pods-Teams-and-Heroes/Pods-Teams-and-Heroes.debug.xcconfig"; sourceTree = "<group>"; };
		A7D6F44E64683D17C042312D /* Pods_Teams_and_Heroes.framework */ = {isa = PBXFileReference; explicitFileType = wrapper.framework; includeInIndex = 0; path = Pods_Teams_and_Heroes.framework; sourceTree = BUILT_PRODUCTS_DIR; };
		F88CEB585237DBE1AEC8E0C5 /* Pods-Teams-and-Heroes.release.xcconfig */ = {isa = PBXFileReference; includeInIndex = 1; lastKnownFileType = text.xcconfig; name = "Pods-Teams-and-Heroes.release.xcconfig"; path = "Target Support Files/Pods-Teams-and-Heroes/Pods-Teams-and-Heroes.release.xcconfig"; sourceTree = "<group>"; };
/* End PBXFileReference section */

/* Begin PBXFrameworksBuildPhase section */
		501CDCF62739DE4500CA10C7 /* Frameworks */ = {
			isa = PBXFrameworksBuildPhase;
			buildActionMask = 2147483647;
			files = (
				ED838DCA15AB5259EE6222A4 /* Pods_Teams_and_Heroes.framework in Frameworks */,
			);
			runOnlyForDeploymentPostprocessing = 0;
		};
/* End PBXFrameworksBuildPhase section */

/* Begin PBXGroup section */
		501CDCF02739DE4500CA10C7 = {
			isa = PBXGroup;
			children = (
				501CDCFB2739DE4500CA10C7 /* Teams-and-Heroes */,
				501CDCFA2739DE4500CA10C7 /* Products */,
				DF2BEC8224A6AA84EEEF7F42 /* Pods */,
				C2471F450C0E48C403322D4C /* Frameworks */,
			);
			sourceTree = "<group>";
		};
		501CDCFA2739DE4500CA10C7 /* Products */ = {
			isa = PBXGroup;
			children = (
				501CDCF92739DE4500CA10C7 /* Teams-and-Heroes.app */,
			);
			name = Products;
			sourceTree = "<group>";
		};
		501CDCFB2739DE4500CA10C7 /* Teams-and-Heroes */ = {
			isa = PBXGroup;
			children = (
				50FF88C4274161390042B346 /* API */,
				501CDD142739DE9C00CA10C7 /* Base */,
				501CDD182739DEC200CA10C7 /* Controllers */,
				501CDD172739DEBA00CA10C7 /* Models */,
				501CDD162739DEB200CA10C7 /* Extension */,
				501CDD152739DEA300CA10C7 /* Resources */,
				501CDD052739DE4500CA10C7 /* Teams_and_Heroes.xcdatamodeld */,
			);
			path = "Teams-and-Heroes";
			sourceTree = "<group>";
		};
		501CDD142739DE9C00CA10C7 /* Base */ = {
			isa = PBXGroup;
			children = (
				501CDD192739DFA600CA10C7 /* AppCoordinator.swift */,
				501CDD1B2739DFBE00CA10C7 /* MainRouter.swift */,
				501CDCFE2739DE4500CA10C7 /* SceneDelegate.swift */,
				501CDCFC2739DE4500CA10C7 /* AppDelegate.swift */,
			);
			path = Base;
			sourceTree = "<group>";
		};
		501CDD152739DEA300CA10C7 /* Resources */ = {
			isa = PBXGroup;
			children = (
				50FF891B274170100042B346 /* Fonts */,
				501CDD0D2739DE4D00CA10C7 /* Info.plist */,
				501CDD0A2739DE4D00CA10C7 /* LaunchScreen.storyboard */,
				501CDD082739DE4C00CA10C7 /* Assets.xcassets */,
			);
			path = Resources;
			sourceTree = "<group>";
		};
		501CDD162739DEB200CA10C7 /* Extension */ = {
			isa = PBXGroup;
			children = (
				501CDD1D2739E03200CA10C7 /* UIKit */,
			);
			path = Extension;
			sourceTree = "<group>";
		};
		501CDD172739DEBA00CA10C7 /* Models */ = {
			isa = PBXGroup;
			children = (
				50FF88FE2741691F0042B346 /* Alert */,
			);
			path = Models;
			sourceTree = "<group>";
		};
		501CDD182739DEC200CA10C7 /* Controllers */ = {
			isa = PBXGroup;
			children = (
				50FF88F8274166600042B346 /* Teams */,
			);
			path = Controllers;
			sourceTree = "<group>";
		};
		501CDD1D2739E03200CA10C7 /* UIKit */ = {
			isa = PBXGroup;
			children = (
				501CDD1E2739E03200CA10C7 /* UIColor.swift */,
				501CDD1F2739E03200CA10C7 /* UIViewController + Extension.swift */,
				501CDD202739E03200CA10C7 /* UISearchBar.swift */,
				501CDD212739E03200CA10C7 /* UIButton + Extension.swift */,
				501CDD222739E03200CA10C7 /* UITextField.swift */,
				501CDD232739E03200CA10C7 /* UIImageView.swift */,
				501CDD242739E03200CA10C7 /* UIFont.swift */,
				501CDD252739E03200CA10C7 /* CheckBox.swift */,
				501CDD262739E03200CA10C7 /* UILabel.swift */,
				501CDD272739E03200CA10C7 /* KGRadioButton.swift */,
				501CDD282739E03200CA10C7 /* String + Extension.swift */,
			);
			path = UIKit;
			sourceTree = "<group>";
		};
		50ACA1E92756D853005D4782 /* ChooseHeroes */ = {
			isa = PBXGroup;
			children = (
				50ACA1EA2756D864005D4782 /* ChooseHeroVC.swift */,
				50ACA1EC2756D86E005D4782 /* ChooseHeroTableViewCell.swift */,
			);
			path = ChooseHeroes;
			sourceTree = "<group>";
		};
		50F28A7A2756C46D00422B98 /* AddNewHero */ = {
			isa = PBXGroup;
			children = (
				50F28A7B2756C48E00422B98 /* AddNewHeroVC.swift */,
				50F28A7D2756C5A000422B98 /* AddNewHeroTableViewCell.swift */,
			);
			path = AddNewHero;
			sourceTree = "<group>";
		};
		50FF88C4274161390042B346 /* API */ = {
			isa = PBXGroup;
			children = (
				50FF88C5274161390042B346 /* Misc */,
				50FF88C8274161390042B346 /* RequestDecoder.swift */,
				50FF88C9274161390042B346 /* RequestInterceptor.swift */,
				50FF88CA274161390042B346 /* APIs */,
				50FF88CF274161390042B346 /* Models */,
				50FF88DB274161390042B346 /* Requests */,
				50FF88DF274161390042B346 /* NetworkError.swift */,
			);
			path = API;
			sourceTree = "<group>";
		};
		50FF88C5274161390042B346 /* Misc */ = {
			isa = PBXGroup;
			children = (
				50FF88C6274161390042B346 /* Extensions */,
			);
			path = Misc;
			sourceTree = "<group>";
		};
		50FF88C6274161390042B346 /* Extensions */ = {
			isa = PBXGroup;
			children = (
				50FF88C7274161390042B346 /* JSONDecoderExtensions.swift */,
			);
			path = Extensions;
			sourceTree = "<group>";
		};
		50FF88CA274161390042B346 /* APIs */ = {
			isa = PBXGroup;
			children = (
				50FF88CB274161390042B346 /* RefAPI.swift */,
				50FF88CC274161390042B346 /* AuthAPI.swift */,
				50FF88CD274161390042B346 /* BaseAPI.swift */,
				50FF88CE274161390042B346 /* PayAPI.swift */,
			);
			path = APIs;
			sourceTree = "<group>";
		};
		50FF88CF274161390042B346 /* Models */ = {
			isa = PBXGroup;
			children = (
				50FF88D0274161390042B346 /* FavouritesRefsResponse.swift */,
				50FF88D1274161390042B346 /* StatusMessage.swift */,
				50FF88D2274161390042B346 /* RefreshTokenResponse.swift */,
				50FF88D3274161390042B346 /* TransactionResponse.swift */,
				50FF88D4274161390042B346 /* PDFPagesResponse.swift */,
				50FF88D5274161390042B346 /* SearchFiltersModel.swift */,
				50FF88D6274161390042B346 /* ReferatsResponse.swift */,
				50FF88D7274161390042B346 /* GetBalanceResponse.swift */,
				50FF88D8274161390042B346 /* SearchFiltersResponse.swift */,
				50FF88D9274161390042B346 /* AuthResponse.swift */,
				50FF88DA274161390042B346 /* ShowRefResponse.swift */,
			);
			path = Models;
			sourceTree = "<group>";
		};
		50FF88DB274161390042B346 /* Requests */ = {
			isa = PBXGroup;
			children = (
				50FF88DC274161390042B346 /* AuthRequest.swift */,
				50FF88DD274161390042B346 /* TokenRefreshRequest.swift */,
				50FF88DE274161390042B346 /* ClientsRequest.swift */,
			);
			path = Requests;
			sourceTree = "<group>";
		};
		50FF88F8274166600042B346 /* Teams */ = {
			isa = PBXGroup;
			children = (
				501CDD002739DE4500CA10C7 /* MainTeamsVC.swift */,
				50FF88F6274164A90042B346 /* MainTeamsTableViewCell.swift */,
				50F28A7A2756C46D00422B98 /* AddNewHero */,
				50FF88F9274166700042B346 /* AddNewTeam */,
			);
			path = Teams;
			sourceTree = "<group>";
		};
		50FF88F9274166700042B346 /* AddNewTeam */ = {
			isa = PBXGroup;
			children = (
				50ACA1E92756D853005D4782 /* ChooseHeroes */,
				50FF88FA2741668F0042B346 /* AddNewTeamVC.swift */,
				50FF88FC274167CC0042B346 /* AddNewTeamTableViewCell.swift */,
				50FF8914274169450042B346 /* HeaderOptionsTableViewCell.swift */,
				50FF8913274169450042B346 /* ColorsTableViewCell.swift */,
				50FF8910274169450042B346 /* OptionsTableViewCell.swift */,
			);
			path = AddNewTeam;
			sourceTree = "<group>";
		};
		50FF88FE2741691F0042B346 /* Alert */ = {
			isa = PBXGroup;
			children = (
				50FF88FF2741691F0042B346 /* AlertFriendOrTeacher.swift */,
				50FF89002741691F0042B346 /* AlertPhotoCamera.swift */,
				50FF89012741691F0042B346 /* AlertForCellName.swift */,
				50FF89022741691F0042B346 /* AlertDate.swift */,
				50FF89032741691F0042B346 /* AlertOk.swift */,
				50FF89042741691F0042B346 /* AlertTime.swift */,
			);
			path = Alert;
			sourceTree = "<group>";
		};
		50FF891B274170100042B346 /* Fonts */ = {
			isa = PBXGroup;
			children = (
				50FF891C274170100042B346 /* Roboto-Medium.ttf */,
				50FF891D274170100042B346 /* Roboto-Light.ttf */,
				50FF891E274170100042B346 /* Roboto-Regular.ttf */,
			);
			path = Fonts;
			sourceTree = "<group>";
		};
		C2471F450C0E48C403322D4C /* Frameworks */ = {
			isa = PBXGroup;
			children = (
				A7D6F44E64683D17C042312D /* Pods_Teams_and_Heroes.framework */,
			);
			name = Frameworks;
			sourceTree = "<group>";
		};
		DF2BEC8224A6AA84EEEF7F42 /* Pods */ = {
			isa = PBXGroup;
			children = (
				6325B12C2AF4DD68F5A095A7 /* Pods-Teams-and-Heroes.debug.xcconfig */,
				F88CEB585237DBE1AEC8E0C5 /* Pods-Teams-and-Heroes.release.xcconfig */,
			);
			path = Pods;
			sourceTree = "<group>";
		};
/* End PBXGroup section */

/* Begin PBXNativeTarget section */
		501CDCF82739DE4500CA10C7 /* Teams-and-Heroes */ = {
			isa = PBXNativeTarget;
			buildConfigurationList = 501CDD102739DE4D00CA10C7 /* Build configuration list for PBXNativeTarget "Teams-and-Heroes" */;
			buildPhases = (
				F405809E560B5D50EF0649C5 /* [CP] Check Pods Manifest.lock */,
				501CDCF52739DE4500CA10C7 /* Sources */,
				501CDCF62739DE4500CA10C7 /* Frameworks */,
				501CDCF72739DE4500CA10C7 /* Resources */,
				783E2CA326B876096220F3F3 /* [CP] Embed Pods Frameworks */,
			);
			buildRules = (
			);
			dependencies = (
			);
			name = "Teams-and-Heroes";
			productName = "Teams-and-Heroes";
			productReference = 501CDCF92739DE4500CA10C7 /* Teams-and-Heroes.app */;
			productType = "com.apple.product-type.application";
		};
/* End PBXNativeTarget section */

/* Begin PBXProject section */
		501CDCF12739DE4500CA10C7 /* Project object */ = {
			isa = PBXProject;
			attributes = {
				LastSwiftUpdateCheck = 1250;
				LastUpgradeCheck = 1250;
				TargetAttributes = {
					501CDCF82739DE4500CA10C7 = {
						CreatedOnToolsVersion = 12.5;
					};
				};
			};
			buildConfigurationList = 501CDCF42739DE4500CA10C7 /* Build configuration list for PBXProject "Teams-and-Heroes" */;
			compatibilityVersion = "Xcode 9.3";
			developmentRegion = en;
			hasScannedForEncodings = 0;
			knownRegions = (
				en,
				Base,
			);
			mainGroup = 501CDCF02739DE4500CA10C7;
			productRefGroup = 501CDCFA2739DE4500CA10C7 /* Products */;
			projectDirPath = "";
			projectRoot = "";
			targets = (
				501CDCF82739DE4500CA10C7 /* Teams-and-Heroes */,
			);
		};
/* End PBXProject section */

/* Begin PBXResourcesBuildPhase section */
		501CDCF72739DE4500CA10C7 /* Resources */ = {
			isa = PBXResourcesBuildPhase;
			buildActionMask = 2147483647;
			files = (
				501CDD0C2739DE4D00CA10C7 /* LaunchScreen.storyboard in Resources */,
				501CDD092739DE4C00CA10C7 /* Assets.xcassets in Resources */,
				50FF8921274170100042B346 /* Roboto-Regular.ttf in Resources */,
				50FF8920274170100042B346 /* Roboto-Light.ttf in Resources */,
				50FF891F274170100042B346 /* Roboto-Medium.ttf in Resources */,
			);
			runOnlyForDeploymentPostprocessing = 0;
		};
/* End PBXResourcesBuildPhase section */

/* Begin PBXShellScriptBuildPhase section */
		783E2CA326B876096220F3F3 /* [CP] Embed Pods Frameworks */ = {
			isa = PBXShellScriptBuildPhase;
			buildActionMask = 2147483647;
			files = (
			);
			inputFileListPaths = (
				"${PODS_ROOT}/Target Support Files/Pods-Teams-and-Heroes/Pods-Teams-and-Heroes-frameworks-${CONFIGURATION}-input-files.xcfilelist",
			);
			name = "[CP] Embed Pods Frameworks";
			outputFileListPaths = (
				"${PODS_ROOT}/Target Support Files/Pods-Teams-and-Heroes/Pods-Teams-and-Heroes-frameworks-${CONFIGURATION}-output-files.xcfilelist",
			);
			runOnlyForDeploymentPostprocessing = 0;
			shellPath = /bin/sh;
			shellScript = "\"${PODS_ROOT}/Target Support Files/Pods-Teams-and-Heroes/Pods-Teams-and-Heroes-frameworks.sh\"\n";
			showEnvVarsInLog = 0;
		};
		F405809E560B5D50EF0649C5 /* [CP] Check Pods Manifest.lock */ = {
			isa = PBXShellScriptBuildPhase;
			buildActionMask = 2147483647;
			files = (
			);
			inputFileListPaths = (
			);
			inputPaths = (
				"${PODS_PODFILE_DIR_PATH}/Podfile.lock",
				"${PODS_ROOT}/Manifest.lock",
			);
			name = "[CP] Check Pods Manifest.lock";
			outputFileListPaths = (
			);
			outputPaths = (
				"$(DERIVED_FILE_DIR)/Pods-Teams-and-Heroes-checkManifestLockResult.txt",
			);
			runOnlyForDeploymentPostprocessing = 0;
			shellPath = /bin/sh;
			shellScript = "diff \"${PODS_PODFILE_DIR_PATH}/Podfile.lock\" \"${PODS_ROOT}/Manifest.lock\" > /dev/null\nif [ $? != 0 ] ; then\n    # print error to STDERR\n    echo \"error: The sandbox is not in sync with the Podfile.lock. Run 'pod install' or update your CocoaPods installation.\" >&2\n    exit 1\nfi\n# This output is used by Xcode 'outputs' to avoid re-running this script phase.\necho \"SUCCESS\" > \"${SCRIPT_OUTPUT_FILE_0}\"\n";
			showEnvVarsInLog = 0;
		};
/* End PBXShellScriptBuildPhase section */

/* Begin PBXSourcesBuildPhase section */
		501CDCF52739DE4500CA10C7 /* Sources */ = {
			isa = PBXSourcesBuildPhase;
			buildActionMask = 2147483647;
			files = (
				50FF88F4274161390042B346 /* ClientsRequest.swift in Sources */,
				50FF88E9274161390042B346 /* RefreshTokenResponse.swift in Sources */,
				501CDD012739DE4500CA10C7 /* MainTeamsVC.swift in Sources */,
				50FF8919274169450042B346 /* ColorsTableViewCell.swift in Sources */,
				50FF89052741691F0042B346 /* AlertFriendOrTeacher.swift in Sources */,
				50FF89092741691F0042B346 /* AlertOk.swift in Sources */,
				501CDD292739E03200CA10C7 /* UIColor.swift in Sources */,
				50FF88F2274161390042B346 /* AuthRequest.swift in Sources */,
				50FF88E7274161390042B346 /* FavouritesRefsResponse.swift in Sources */,
				50FF88E4274161390042B346 /* AuthAPI.swift in Sources */,
				50FF89082741691F0042B346 /* AlertDate.swift in Sources */,
				501CDD2A2739E03200CA10C7 /* UIViewController + Extension.swift in Sources */,
				50FF88F1274161390042B346 /* ShowRefResponse.swift in Sources */,
				501CDD2D2739E03200CA10C7 /* UITextField.swift in Sources */,
				501CDD2E2739E03200CA10C7 /* UIImageView.swift in Sources */,
				50ACA1ED2756D86E005D4782 /* ChooseHeroTableViewCell.swift in Sources */,
				50FF88EE274161390042B346 /* GetBalanceResponse.swift in Sources */,
				501CDCFD2739DE4500CA10C7 /* AppDelegate.swift in Sources */,
				501CDD1A2739DFA600CA10C7 /* AppCoordinator.swift in Sources */,
				50FF890A2741691F0042B346 /* AlertTime.swift in Sources */,
				50FF88E5274161390042B346 /* BaseAPI.swift in Sources */,
				50FF8917274169450042B346 /* OptionsTableViewCell.swift in Sources */,
				50FF88E2274161390042B346 /* RequestInterceptor.swift in Sources */,
				501CDD2C2739E03200CA10C7 /* UIButton + Extension.swift in Sources */,
				50ACA1EB2756D864005D4782 /* ChooseHeroVC.swift in Sources */,
				50FF88E3274161390042B346 /* RefAPI.swift in Sources */,
				501CDD2B2739E03200CA10C7 /* UISearchBar.swift in Sources */,
				50FF88F0274161390042B346 /* AuthResponse.swift in Sources */,
				50FF891A274169450042B346 /* HeaderOptionsTableViewCell.swift in Sources */,
				501CDD2F2739E03200CA10C7 /* UIFont.swift in Sources */,
				50FF88EF274161390042B346 /* SearchFiltersResponse.swift in Sources */,
				50FF89072741691F0042B346 /* AlertForCellName.swift in Sources */,
				50FF88E0274161390042B346 /* JSONDecoderExtensions.swift in Sources */,
				50FF89062741691F0042B346 /* AlertPhotoCamera.swift in Sources */,
				50FF88EC274161390042B346 /* SearchFiltersModel.swift in Sources */,
				501CDD312739E03200CA10C7 /* UILabel.swift in Sources */,
				501CDD322739E03200CA10C7 /* KGRadioButton.swift in Sources */,
				501CDD302739E03200CA10C7 /* CheckBox.swift in Sources */,
				50FF88FB2741668F0042B346 /* AddNewTeamVC.swift in Sources */,
				50FF88E8274161390042B346 /* StatusMessage.swift in Sources */,
				50FF88EA274161390042B346 /* TransactionResponse.swift in Sources */,
				501CDD332739E03200CA10C7 /* String + Extension.swift in Sources */,
				50FF88E6274161390042B346 /* PayAPI.swift in Sources */,
				501CDD072739DE4600CA10C7 /* Teams_and_Heroes.xcdatamodeld in Sources */,
				50FF88F3274161390042B346 /* TokenRefreshRequest.swift in Sources */,
				50FF88F7274164A90042B346 /* MainTeamsTableViewCell.swift in Sources */,
				50FF88FD274167CC0042B346 /* AddNewTeamTableViewCell.swift in Sources */,
				50FF88EB274161390042B346 /* PDFPagesResponse.swift in Sources */,
				501CDCFF2739DE4500CA10C7 /* SceneDelegate.swift in Sources */,
				50F28A7C2756C48E00422B98 /* AddNewHeroVC.swift in Sources */,
				501CDD1C2739DFBE00CA10C7 /* MainRouter.swift in Sources */,
				50FF88F5274161390042B346 /* NetworkError.swift in Sources */,
				50F28A7E2756C5A000422B98 /* AddNewHeroTableViewCell.swift in Sources */,
				50FF88E1274161390042B346 /* RequestDecoder.swift in Sources */,
				50FF88ED274161390042B346 /* ReferatsResponse.swift in Sources */,
			);
			runOnlyForDeploymentPostprocessing = 0;
		};
/* End PBXSourcesBuildPhase section */

/* Begin PBXVariantGroup section */
		501CDD0A2739DE4D00CA10C7 /* LaunchScreen.storyboard */ = {
			isa = PBXVariantGroup;
			children = (
				501CDD0B2739DE4D00CA10C7 /* Base */,
			);
			name = LaunchScreen.storyboard;
			sourceTree = "<group>";
		};
/* End PBXVariantGroup section */

/* Begin XCBuildConfiguration section */
		501CDD0E2739DE4D00CA10C7 /* Debug */ = {
			isa = XCBuildConfiguration;
			buildSettings = {
				ALWAYS_SEARCH_USER_PATHS = NO;
				CLANG_ANALYZER_NONNULL = YES;
				CLANG_ANALYZER_NUMBER_OBJECT_CONVERSION = YES_AGGRESSIVE;
				CLANG_CXX_LANGUAGE_STANDARD = "gnu++14";
				CLANG_CXX_LIBRARY = "libc++";
				CLANG_ENABLE_MODULES = YES;
				CLANG_ENABLE_OBJC_ARC = YES;
				CLANG_ENABLE_OBJC_WEAK = YES;
				CLANG_WARN_BLOCK_CAPTURE_AUTORELEASING = YES;
				CLANG_WARN_BOOL_CONVERSION = YES;
				CLANG_WARN_COMMA = YES;
				CLANG_WARN_CONSTANT_CONVERSION = YES;
				CLANG_WARN_DEPRECATED_OBJC_IMPLEMENTATIONS = YES;
				CLANG_WARN_DIRECT_OBJC_ISA_USAGE = YES_ERROR;
				CLANG_WARN_DOCUMENTATION_COMMENTS = YES;
				CLANG_WARN_EMPTY_BODY = YES;
				CLANG_WARN_ENUM_CONVERSION = YES;
				CLANG_WARN_INFINITE_RECURSION = YES;
				CLANG_WARN_INT_CONVERSION = YES;
				CLANG_WARN_NON_LITERAL_NULL_CONVERSION = YES;
				CLANG_WARN_OBJC_IMPLICIT_RETAIN_SELF = YES;
				CLANG_WARN_OBJC_LITERAL_CONVERSION = YES;
				CLANG_WARN_OBJC_ROOT_CLASS = YES_ERROR;
				CLANG_WARN_QUOTED_INCLUDE_IN_FRAMEWORK_HEADER = YES;
				CLANG_WARN_RANGE_LOOP_ANALYSIS = YES;
				CLANG_WARN_STRICT_PROTOTYPES = YES;
				CLANG_WARN_SUSPICIOUS_MOVE = YES;
				CLANG_WARN_UNGUARDED_AVAILABILITY = YES_AGGRESSIVE;
				CLANG_WARN_UNREACHABLE_CODE = YES;
				CLANG_WARN__DUPLICATE_METHOD_MATCH = YES;
				COPY_PHASE_STRIP = NO;
				DEBUG_INFORMATION_FORMAT = dwarf;
				ENABLE_STRICT_OBJC_MSGSEND = YES;
				ENABLE_TESTABILITY = YES;
				GCC_C_LANGUAGE_STANDARD = gnu11;
				GCC_DYNAMIC_NO_PIC = NO;
				GCC_NO_COMMON_BLOCKS = YES;
				GCC_OPTIMIZATION_LEVEL = 0;
				GCC_PREPROCESSOR_DEFINITIONS = (
					"DEBUG=1",
					"$(inherited)",
				);
				GCC_WARN_64_TO_32_BIT_CONVERSION = YES;
				GCC_WARN_ABOUT_RETURN_TYPE = YES_ERROR;
				GCC_WARN_UNDECLARED_SELECTOR = YES;
				GCC_WARN_UNINITIALIZED_AUTOS = YES_AGGRESSIVE;
				GCC_WARN_UNUSED_FUNCTION = YES;
				GCC_WARN_UNUSED_VARIABLE = YES;
				IPHONEOS_DEPLOYMENT_TARGET = 14.5;
				MTL_ENABLE_DEBUG_INFO = INCLUDE_SOURCE;
				MTL_FAST_MATH = YES;
				ONLY_ACTIVE_ARCH = YES;
				SDKROOT = iphoneos;
				SWIFT_ACTIVE_COMPILATION_CONDITIONS = DEBUG;
				SWIFT_OPTIMIZATION_LEVEL = "-Onone";
			};
			name = Debug;
		};
		501CDD0F2739DE4D00CA10C7 /* Release */ = {
			isa = XCBuildConfiguration;
			buildSettings = {
				ALWAYS_SEARCH_USER_PATHS = NO;
				CLANG_ANALYZER_NONNULL = YES;
				CLANG_ANALYZER_NUMBER_OBJECT_CONVERSION = YES_AGGRESSIVE;
				CLANG_CXX_LANGUAGE_STANDARD = "gnu++14";
				CLANG_CXX_LIBRARY = "libc++";
				CLANG_ENABLE_MODULES = YES;
				CLANG_ENABLE_OBJC_ARC = YES;
				CLANG_ENABLE_OBJC_WEAK = YES;
				CLANG_WARN_BLOCK_CAPTURE_AUTORELEASING = YES;
				CLANG_WARN_BOOL_CONVERSION = YES;
				CLANG_WARN_COMMA = YES;
				CLANG_WARN_CONSTANT_CONVERSION = YES;
				CLANG_WARN_DEPRECATED_OBJC_IMPLEMENTATIONS = YES;
				CLANG_WARN_DIRECT_OBJC_ISA_USAGE = YES_ERROR;
				CLANG_WARN_DOCUMENTATION_COMMENTS = YES;
				CLANG_WARN_EMPTY_BODY = YES;
				CLANG_WARN_ENUM_CONVERSION = YES;
				CLANG_WARN_INFINITE_RECURSION = YES;
				CLANG_WARN_INT_CONVERSION = YES;
				CLANG_WARN_NON_LITERAL_NULL_CONVERSION = YES;
				CLANG_WARN_OBJC_IMPLICIT_RETAIN_SELF = YES;
				CLANG_WARN_OBJC_LITERAL_CONVERSION = YES;
				CLANG_WARN_OBJC_ROOT_CLASS = YES_ERROR;
				CLANG_WARN_QUOTED_INCLUDE_IN_FRAMEWORK_HEADER = YES;
				CLANG_WARN_RANGE_LOOP_ANALYSIS = YES;
				CLANG_WARN_STRICT_PROTOTYPES = YES;
				CLANG_WARN_SUSPICIOUS_MOVE = YES;
				CLANG_WARN_UNGUARDED_AVAILABILITY = YES_AGGRESSIVE;
				CLANG_WARN_UNREACHABLE_CODE = YES;
				CLANG_WARN__DUPLICATE_METHOD_MATCH = YES;
				COPY_PHASE_STRIP = NO;
				DEBUG_INFORMATION_FORMAT = "dwarf-with-dsym";
				ENABLE_NS_ASSERTIONS = NO;
				ENABLE_STRICT_OBJC_MSGSEND = YES;
				GCC_C_LANGUAGE_STANDARD = gnu11;
				GCC_NO_COMMON_BLOCKS = YES;
				GCC_WARN_64_TO_32_BIT_CONVERSION = YES;
				GCC_WARN_ABOUT_RETURN_TYPE = YES_ERROR;
				GCC_WARN_UNDECLARED_SELECTOR = YES;
				GCC_WARN_UNINITIALIZED_AUTOS = YES_AGGRESSIVE;
				GCC_WARN_UNUSED_FUNCTION = YES;
				GCC_WARN_UNUSED_VARIABLE = YES;
				IPHONEOS_DEPLOYMENT_TARGET = 14.5;
				MTL_ENABLE_DEBUG_INFO = NO;
				MTL_FAST_MATH = YES;
				SDKROOT = iphoneos;
				SWIFT_COMPILATION_MODE = wholemodule;
				SWIFT_OPTIMIZATION_LEVEL = "-O";
				VALIDATE_PRODUCT = YES;
			};
			name = Release;
		};
		501CDD112739DE4D00CA10C7 /* Debug */ = {
			isa = XCBuildConfiguration;
			baseConfigurationReference = 6325B12C2AF4DD68F5A095A7 /* Pods-Teams-and-Heroes.debug.xcconfig */;
			buildSettings = {
				ASSETCATALOG_COMPILER_APPICON_NAME = AppIcon;
				ASSETCATALOG_COMPILER_GLOBAL_ACCENT_COLOR_NAME = AccentColor;
				CODE_SIGN_STYLE = Automatic;
				INFOPLIST_FILE = "Teams-and-Heroes/Resources/Info.plist";
				IPHONEOS_DEPLOYMENT_TARGET = 14.5;
				LD_RUNPATH_SEARCH_PATHS = (
					"$(inherited)",
					"@executable_path/Frameworks",
				);
				MARKETING_VERSION = 1.0.0;
				PRODUCT_BUNDLE_IDENTIFIER = "com.max-dev.Teams-and-Heroes";
				PRODUCT_NAME = "$(TARGET_NAME)";
				SWIFT_VERSION = 5.0;
				TARGETED_DEVICE_FAMILY = 1;
			};
			name = Debug;
		};
		501CDD122739DE4D00CA10C7 /* Release */ = {
			isa = XCBuildConfiguration;
			baseConfigurationReference = F88CEB585237DBE1AEC8E0C5 /* Pods-Teams-and-Heroes.release.xcconfig */;
			buildSettings = {
				ASSETCATALOG_COMPILER_APPICON_NAME = AppIcon;
				ASSETCATALOG_COMPILER_GLOBAL_ACCENT_COLOR_NAME = AccentColor;
				CODE_SIGN_STYLE = Automatic;
				INFOPLIST_FILE = "Teams-and-Heroes/Resources/Info.plist";
				IPHONEOS_DEPLOYMENT_TARGET = 14.5;
				LD_RUNPATH_SEARCH_PATHS = (
					"$(inherited)",
					"@executable_path/Frameworks",
				);
				MARKETING_VERSION = 1.0.0;
				PRODUCT_BUNDLE_IDENTIFIER = "com.max-dev.Teams-and-Heroes";
				PRODUCT_NAME = "$(TARGET_NAME)";
				SWIFT_VERSION = 5.0;
				TARGETED_DEVICE_FAMILY = 1;
			};
			name = Release;
		};
/* End XCBuildConfiguration section */

/* Begin XCConfigurationList section */
		501CDCF42739DE4500CA10C7 /* Build configuration list for PBXProject "Teams-and-Heroes" */ = {
			isa = XCConfigurationList;
			buildConfigurations = (
				501CDD0E2739DE4D00CA10C7 /* Debug */,
				501CDD0F2739DE4D00CA10C7 /* Release */,
			);
			defaultConfigurationIsVisible = 0;
			defaultConfigurationName = Release;
		};
		501CDD102739DE4D00CA10C7 /* Build configuration list for PBXNativeTarget "Teams-and-Heroes" */ = {
			isa = XCConfigurationList;
			buildConfigurations = (
				501CDD112739DE4D00CA10C7 /* Debug */,
				501CDD122739DE4D00CA10C7 /* Release */,
			);
			defaultConfigurationIsVisible = 0;
			defaultConfigurationName = Release;
		};
/* End XCConfigurationList section */

/* Begin XCVersionGroup section */
		501CDD052739DE4500CA10C7 /* Teams_and_Heroes.xcdatamodeld */ = {
			isa = XCVersionGroup;
			children = (
				501CDD062739DE4500CA10C7 /* Teams_and_Heroes.xcdatamodel */,
			);
			currentVersion = 501CDD062739DE4500CA10C7 /* Teams_and_Heroes.xcdatamodel */;
			path = Teams_and_Heroes.xcdatamodeld;
			sourceTree = "<group>";
			versionGroupType = wrapper.xcdatamodel;
		};
/* End XCVersionGroup section */
	};
	rootObject = 501CDCF12739DE4500CA10C7 /* Project object */;
}
